
Microsoft Visual Studio Solution File, Format Version 12.00
# Visual Studio Version 16
VisualStudioVersion = 16.0.30011.22
MinimumVisualStudioVersion = 10.0.40219.1
Project("{FAE04EC0-301F-11D3-BF4B-00C04F79EFBC}") = "Hello_world", "Hello_world\Hello_world.csproj", "{C91A48D3-6EAE-439A-913C-95E35360C5E3}"
EndProject
Global
	GlobalSection(SolutionConfigurationPlatforms) = preSolution
		Debug|Any CPU = Debug|Any CPU
		Release|Any CPU = Release|Any CPU
	EndGlobalSection
	GlobalSection(ProjectConfigurationPlatforms) = postSolution
		{C91A48D3-6EAE-439A-913C-95E35360C5E3}.Debug|Any CPU.ActiveCfg = Debug|Any CPU
		{C91A48D3-6EAE-439A-913C-95E35360C5E3}.Debug|Any CPU.Build.0 = Debug|Any CPU
		{C91A48D3-6EAE-439A-913C-95E35360C5E3}.Release|Any CPU.ActiveCfg = Release|Any CPU
		{C91A48D3-6EAE-439A-913C-95E35360C5E3}.Release|Any CPU.Build.0 = Release|Any CPU
	EndGlobalSection
	GlobalSection(SolutionProperties) = preSolution
		HideSolutionNode = FALSE
	EndGlobalSection
	GlobalSection(ExtensibilityGlobals) = postSolution
		SolutionGuid = {3DBEFA32-1DAF-4C81-ACB3-10E81D5F8BF9}
	EndGlobalSection
EndGlobal
